
Microsoft Visual Studio Solution File, Format Version 12.00
# Visual Studio Version 17
VisualStudioVersion = 17.4.33205.214
MinimumVisualStudioVersion = 10.0.40219.1
Project("{FAE04EC0-301F-11D3-BF4B-00C04F79EFBC}") = "formRecognizer_quickstart", "formRecognizer_quickstart.csproj", "{D960832A-90CF-4039-AC45-80DF1AD82A8F}"
EndProject
Global
	GlobalSection(SolutionConfigurationPlatforms) = preSolution
		Debug|Any CPU = Debug|Any CPU
		Release|Any CPU = Release|Any CPU
	EndGlobalSection
	GlobalSection(ProjectConfigurationPlatforms) = postSolution
		{D960832A-90CF-4039-AC45-80DF1AD82A8F}.Debug|Any CPU.ActiveCfg = Debug|Any CPU
		{D960832A-90CF-4039-AC45-80DF1AD82A8F}.Debug|Any CPU.Build.0 = Debug|Any CPU
		{D960832A-90CF-4039-AC45-80DF1AD82A8F}.Release|Any CPU.ActiveCfg = Release|Any CPU
		{D960832A-90CF-4039-AC45-80DF1AD82A8F}.Release|Any CPU.Build.0 = Release|Any CPU
	EndGlobalSection
	GlobalSection(SolutionProperties) = preSolution
		HideSolutionNode = FALSE
	EndGlobalSection
	GlobalSection(ExtensibilityGlobals) = postSolution
		SolutionGuid = {717CEE38-194C-49C8-B532-69D38D3C5F42}
	EndGlobalSection
EndGlobal
